
Microsoft Visual Studio Solution File, Format Version 12.00
# Visual Studio Version 16
VisualStudioVersion = 16.0.30517.126
MinimumVisualStudioVersion = 10.0.40219.1
Project("{9A19103F-16F7-4668-BE54-9A1E7A4F7556}") = "CoronovirusProject.Api", "CoronovirusProject.Api\CoronovirusProject.Api.csproj", "{7B65A568-3FD0-4D28-B7A4-65634C7540B1}"
EndProject
Project("{FAE04EC0-301F-11D3-BF4B-00C04F79EFBC}") = "CoronovirusProject.DAL", "CoronovirusProject.DAL\CoronovirusProject.DAL.csproj", "{813E160B-34CF-4C11-861E-297FB617FA65}"
EndProject
Global
	GlobalSection(SolutionConfigurationPlatforms) = preSolution
		Debug|Any CPU = Debug|Any CPU
		Release|Any CPU = Release|Any CPU
	EndGlobalSection
	GlobalSection(ProjectConfigurationPlatforms) = postSolution
		{7B65A568-3FD0-4D28-B7A4-65634C7540B1}.Debug|Any CPU.ActiveCfg = Debug|Any CPU
		{7B65A568-3FD0-4D28-B7A4-65634C7540B1}.Debug|Any CPU.Build.0 = Debug|Any CPU
		{7B65A568-3FD0-4D28-B7A4-65634C7540B1}.Release|Any CPU.ActiveCfg = Release|Any CPU
		{7B65A568-3FD0-4D28-B7A4-65634C7540B1}.Release|Any CPU.Build.0 = Release|Any CPU
		{813E160B-34CF-4C11-861E-297FB617FA65}.Debug|Any CPU.ActiveCfg = Debug|Any CPU
		{813E160B-34CF-4C11-861E-297FB617FA65}.Debug|Any CPU.Build.0 = Debug|Any CPU
		{813E160B-34CF-4C11-861E-297FB617FA65}.Release|Any CPU.ActiveCfg = Release|Any CPU
		{813E160B-34CF-4C11-861E-297FB617FA65}.Release|Any CPU.Build.0 = Release|Any CPU
	EndGlobalSection
	GlobalSection(SolutionProperties) = preSolution
		HideSolutionNode = FALSE
	EndGlobalSection
	GlobalSection(ExtensibilityGlobals) = postSolution
		SolutionGuid = {8B9A8006-F880-497D-AC01-9A945248BA93}
	EndGlobalSection
EndGlobal
